
Microsoft Visual Studio Solution File, Format Version 10.00
# Visual Studio 2008
Project("{FAE04EC0-301F-11D3-BF4B-00C04F79EFBC}") = "juxtapo-testsuite", "juxtapo-testsuite\juxtapo-testsuite.csproj", "{1E264160-4389-4741-A085-2DD6A32CDBA7}"
EndProject
Global
	GlobalSection(SolutionConfigurationPlatforms) = preSolution
		Debug|Any CPU = Debug|Any CPU
		Release|Any CPU = Release|Any CPU
	EndGlobalSection
	GlobalSection(ProjectConfigurationPlatforms) = postSolution
		{1E264160-4389-4741-A085-2DD6A32CDBA7}.Debug|Any CPU.ActiveCfg = Debug|Any CPU
		{1E264160-4389-4741-A085-2DD6A32CDBA7}.Debug|Any CPU.Build.0 = Debug|Any CPU
		{1E264160-4389-4741-A085-2DD6A32CDBA7}.Release|Any CPU.ActiveCfg = Release|Any CPU
		{1E264160-4389-4741-A085-2DD6A32CDBA7}.Release|Any CPU.Build.0 = Release|Any CPU
	EndGlobalSection
	GlobalSection(SolutionProperties) = preSolution
		HideSolutionNode = FALSE
	EndGlobalSection
EndGlobal
